<?xml version="1.0" encoding="UTF-8"?>
<Solution>
	<Configurations>
		<BuildType Name="Debug"/>
		<BuildType Name="Profile"/>
		<BuildType Name="Release"/>
		<Platform Name="x64"/>
	</Configurations>
	<Project Path="ALL_BUILD.vcxproj" Type="8bc9ceb8-8b4a-11d0-8d11-00a0c91bc942" Id="eec59e3a-5db4-310f-af3f-077626689cd3" DefaultStartup="true">
		<BuildDependency Project="ZERO_CHECK.vcxproj"/>
		<BuildDependency Project="plugins/audioplayers_windows/audioplayers_windows_plugin.vcxproj"/>
		<BuildDependency Project="plugins/desktop_updater/desktop_updater_plugin.vcxproj"/>
		<BuildDependency Project="plugins/flutter_libserialport/flutter_libserialport_plugin.vcxproj"/>
		<BuildDependency Project="flutter/flutter_wrapper_app.vcxproj"/>
		<BuildDependency Project="flutter/flutter_wrapper_plugin.vcxproj"/>
		<BuildDependency Project="plugins/jni/shared/jni.vcxproj"/>
		<BuildDependency Project="runner/local_console.vcxproj"/>
		<BuildDependency Project="plugins/screen_retriever_windows/screen_retriever_windows_plugin.vcxproj"/>
		<BuildDependency Project="plugins/flutter_libserialport/libserialport/serialport.vcxproj"/>
		<BuildDependency Project="plugins/window_manager/window_manager_plugin.vcxproj"/>
	</Project>
	<Project Path="INSTALL.vcxproj" Type="8bc9ceb8-8b4a-11d0-8d11-00a0c91bc942" Id="ca88293d-f404-3e5e-bcd1-514b6b2b5587">
		<BuildDependency Project="ALL_BUILD.vcxproj"/>
		<BuildDependency Project="ZERO_CHECK.vcxproj"/>
	</Project>
	<Project Path="ZERO_CHECK.vcxproj" Type="8bc9ceb8-8b4a-11d0-8d11-00a0c91bc942" Id="d1ea2f09-18f2-3137-8863-2ced4080d3ba"/>
	<Project Path="plugins/audioplayers_windows/audioplayers_windows_plugin.vcxproj" Type="8bc9ceb8-8b4a-11d0-8d11-00a0c91bc942" Id="13a0f00d-63db-3ceb-9d3f-498599d03b4e">
		<BuildDependency Project="ZERO_CHECK.vcxproj"/>
		<BuildDependency Project="flutter/flutter_assemble.vcxproj"/>
		<BuildDependency Project="flutter/flutter_wrapper_plugin.vcxproj"/>
	</Project>
	<Project Path="plugins/desktop_updater/desktop_updater_plugin.vcxproj" Type="8bc9ceb8-8b4a-11d0-8d11-00a0c91bc942" Id="652495b8-5e99-345b-91d6-b927fb64aa2d">
		<BuildDependency Project="ZERO_CHECK.vcxproj"/>
		<BuildDependency Project="flutter/flutter_assemble.vcxproj"/>
		<BuildDependency Project="flutter/flutter_wrapper_plugin.vcxproj"/>
	</Project>
	<Project Path="flutter/flutter_assemble.vcxproj" Type="8bc9ceb8-8b4a-11d0-8d11-00a0c91bc942" Id="a44cfbe2-9b8d-3d2f-aa57-a49fcf5519d0">
		<BuildDependency Project="ZERO_CHECK.vcxproj"/>
	</Project>
	<Project Path="plugins/flutter_libserialport/flutter_libserialport_plugin.vcxproj" Type="8bc9ceb8-8b4a-11d0-8d11-00a0c91bc942" Id="39e75735-a702-3fb0-a152-896e40a9617b">
		<BuildDependency Project="ZERO_CHECK.vcxproj"/>
		<BuildDependency Project="flutter/flutter_assemble.vcxproj"/>
		<BuildDependency Project="flutter/flutter_wrapper_plugin.vcxproj"/>
	</Project>
	<Project Path="flutter/flutter_wrapper_app.vcxproj" Type="8bc9ceb8-8b4a-11d0-8d11-00a0c91bc942" Id="ef217cb7-f484-3ebd-bb11-9211d3fb76be">
		<BuildDependency Project="ZERO_CHECK.vcxproj"/>
		<BuildDependency Project="flutter/flutter_assemble.vcxproj"/>
	</Project>
	<Project Path="flutter/flutter_wrapper_plugin.vcxproj" Type="8bc9ceb8-8b4a-11d0-8d11-00a0c91bc942" Id="c08dae4e-fdf6-3c21-bfce-f185aaae4895">
		<BuildDependency Project="ZERO_CHECK.vcxproj"/>
		<BuildDependency Project="flutter/flutter_assemble.vcxproj"/>
	</Project>
	<Project Path="plugins/jni/shared/jni.vcxproj" Type="8bc9ceb8-8b4a-11d0-8d11-00a0c91bc942" Id="e767e358-49ee-358c-8ee1-4f1a88fa06a7">
		<BuildDependency Project="ZERO_CHECK.vcxproj"/>
	</Project>
	<Project Path="runner/local_console.vcxproj" Type="8bc9ceb8-8b4a-11d0-8d11-00a0c91bc942" Id="2b794efd-a928-326e-b8a1-c00ee4be005e">
		<BuildDependency Project="ZERO_CHECK.vcxproj"/>
		<BuildDependency Project="plugins/audioplayers_windows/audioplayers_windows_plugin.vcxproj"/>
		<BuildDependency Project="plugins/desktop_updater/desktop_updater_plugin.vcxproj"/>
		<BuildDependency Project="flutter/flutter_assemble.vcxproj"/>
		<BuildDependency Project="plugins/flutter_libserialport/flutter_libserialport_plugin.vcxproj"/>
		<BuildDependency Project="flutter/flutter_wrapper_app.vcxproj"/>
		<BuildDependency Project="plugins/screen_retriever_windows/screen_retriever_windows_plugin.vcxproj"/>
		<BuildDependency Project="plugins/window_manager/window_manager_plugin.vcxproj"/>
	</Project>
	<Project Path="plugins/screen_retriever_windows/screen_retriever_windows_plugin.vcxproj" Type="8bc9ceb8-8b4a-11d0-8d11-00a0c91bc942" Id="223f1ed4-38cb-3e7d-a857-c7683ad37ca2">
		<BuildDependency Project="ZERO_CHECK.vcxproj"/>
		<BuildDependency Project="flutter/flutter_assemble.vcxproj"/>
		<BuildDependency Project="flutter/flutter_wrapper_plugin.vcxproj"/>
	</Project>
	<Project Path="plugins/flutter_libserialport/libserialport/serialport.vcxproj" Type="8bc9ceb8-8b4a-11d0-8d11-00a0c91bc942" Id="bf3b3b4e-431b-349d-822d-0f44899b8a33">
		<BuildDependency Project="ZERO_CHECK.vcxproj"/>
	</Project>
	<Project Path="plugins/window_manager/window_manager_plugin.vcxproj" Type="8bc9ceb8-8b4a-11d0-8d11-00a0c91bc942" Id="4fa45aaa-9a31-342d-8872-169d19fa13f6">
		<BuildDependency Project="ZERO_CHECK.vcxproj"/>
		<BuildDependency Project="flutter/flutter_assemble.vcxproj"/>
		<BuildDependency Project="flutter/flutter_wrapper_plugin.vcxproj"/>
	</Project>
</Solution>
