<?xml version="1.0" encoding="utf-8"?>
<Project ToolsVersion="17.0" xmlns="http://schemas.microsoft.com/developer/msbuild/2003">
  <ItemGroup>
    <CustomBuild Include="D:\a\local-console\local-console\build\windows\x64\CMakeFiles\47b889aa7aaf335820eb6df9c3ac6373\generate.stamp.rule">
      <Filter>CMake Rules</Filter>
    </CustomBuild>
  </ItemGroup>
  <ItemGroup>
    <Filter Include="CMake Rules">
      <UniqueIdentifier>{491E57D1-8509-3209-8B86-016AFE7C0BD9}</UniqueIdentifier>
    </Filter>
  </ItemGroup>
</Project>
